{
  "requires": true,
  "lockfileVersion": 1,
  "dependencies": {
    "@reach/dialog": {
      "version": "0.13.2",
      "resolved": "https://registry.npmjs.org/@reach/dialog/-/dialog-0.13.2.tgz",
      "integrity": "sha512-DOl7REyfrC3v6ugZtuiZs3pNr4ctRFBPU53AXph1kS5qH+3HxW2/Nq231Wg3ck+FQsZI+Ch4DeT0af52nbIaCg==",
      "requires": {
        "@reach/portal": "0.13.2",
        "@reach/utils": "0.13.2",
        "prop-types": "^15.7.2",
        "react-focus-lock": "^2.5.0",
        "react-remove-scroll": "^2.4.1",
        "tslib": "^2.1.0"
      },
      "dependencies": {
        "@babel/runtime": {
          "version": "7.13.10",
          "resolved": "https://registry.npmjs.org/@babel/runtime/-/runtime-7.13.10.tgz",
          "integrity": "sha512-4QPkjJq6Ns3V/RgpEahRk+AGfL0eO6RHHtTWoNNr5mO49G6B5+X6d6THgWEAvTrznU5xYpbAlVKRYcsCgh/Akw==",
          "requires": {
            "regenerator-runtime": "^0.13.4"
          }
        },
        "detect-node-es": {
          "version": "1.0.0",
          "resolved": "https://registry.npmjs.org/detect-node-es/-/detect-node-es-1.0.0.tgz",
          "integrity": "sha512-S4AHriUkTX9FoFvL4G8hXDcx6t3gp2HpfCza3Q0v6S78gul2hKWifLQbeW+ZF89+hSm2ZIc/uF3J97ZgytgTRg=="
        },
        "focus-lock": {
          "version": "0.8.1",
          "resolved": "https://registry.npmjs.org/focus-lock/-/focus-lock-0.8.1.tgz",
          "integrity": "sha512-/LFZOIo82WDsyyv7h7oc0MJF9ACOvDRdx9rWPZ2pgMfNWu/z8hQDBtOchuB/0BVLmuFOZjV02YwUVzNsWx/EzA==",
          "requires": {
            "tslib": "^1.9.3"
          },
          "dependencies": {
            "tslib": {
              "version": "1.14.1",
              "resolved": "https://registry.npmjs.org/tslib/-/tslib-1.14.1.tgz",
              "integrity": "sha512-Xni35NKzjgMrwevysHTCArtLDpPvye8zV/0E4EyYn43P7/7qvQwPh9BGkHewbMulVntbigmcT7rdX3BNo9wRJg=="
            }
          }
        },
        "get-nonce": {
          "version": "1.0.1",
          "resolved": "https://registry.npmjs.org/get-nonce/-/get-nonce-1.0.1.tgz",
          "integrity": "sha512-FJhYRoDaiatfEkUK8HKlicmu/3SGFD51q3itKDGoSTysQJBnfOcxU5GxnhE1E6soB76MbT0MBtnKJuXyAx+96Q=="
        },
        "invariant": {
          "version": "2.2.4",
          "resolved": "https://registry.npmjs.org/invariant/-/invariant-2.2.4.tgz",
          "integrity": "sha512-phJfQVBuaJM5raOpJjSfkiD6BpbCE4Ns//LaXl6wGYtUBY83nWS6Rf9tXm2e8VaK60JEjYldbPif/A2B1C2gNA==",
          "requires": {
            "loose-envify": "^1.0.0"
          }
        },
        "react-clientside-effect": {
          "version": "1.2.5",
          "resolved": "https://registry.npmjs.org/react-clientside-effect/-/react-clientside-effect-1.2.5.tgz",
          "integrity": "sha512-2bL8qFW1TGBHozGGbVeyvnggRpMjibeZM2536AKNENLECutp2yfs44IL8Hmpn8qjFQ2K7A9PnYf3vc7aQq/cPA==",
          "requires": {
            "@babel/runtime": "^7.12.13"
          }
        },
        "react-focus-lock": {
          "version": "2.5.0",
          "resolved": "https://registry.npmjs.org/react-focus-lock/-/react-focus-lock-2.5.0.tgz",
          "integrity": "sha512-XLxj6uTXgz0US8TmqNU2jMfnXwZG0mH2r/afQqvPEaX6nyEll5LHVcEXk2XDUQ34RVeLPkO/xK5x6c/qiuSq/A==",
          "requires": {
            "@babel/runtime": "^7.0.0",
            "focus-lock": "^0.8.1",
            "prop-types": "^15.6.2",
            "react-clientside-effect": "^1.2.2",
            "use-callback-ref": "^1.2.1",
            "use-sidecar": "^1.0.1"
          }
        },
        "react-remove-scroll": {
          "version": "2.4.1",
          "resolved": "https://registry.npmjs.org/react-remove-scroll/-/react-remove-scroll-2.4.1.tgz",
          "integrity": "sha512-K7XZySEzOHMTq7dDwcHsZA6Y7/1uX5RsWhRXVYv8rdh+y9Qz2nMwl9RX/Mwnj/j7JstCGmxyfyC0zbVGXYh3mA==",
          "requires": {
            "react-remove-scroll-bar": "^2.1.0",
            "react-style-singleton": "^2.1.0",
            "tslib": "^1.0.0",
            "use-callback-ref": "^1.2.3",
            "use-sidecar": "^1.0.1"
          },
          "dependencies": {
            "tslib": {
              "version": "1.14.1",
              "resolved": "https://registry.npmjs.org/tslib/-/tslib-1.14.1.tgz",
              "integrity": "sha512-Xni35NKzjgMrwevysHTCArtLDpPvye8zV/0E4EyYn43P7/7qvQwPh9BGkHewbMulVntbigmcT7rdX3BNo9wRJg=="
            }
          }
        },
        "react-remove-scroll-bar": {
          "version": "2.2.0",
          "resolved": "https://registry.npmjs.org/react-remove-scroll-bar/-/react-remove-scroll-bar-2.2.0.tgz",
          "integrity": "sha512-UU9ZBP1wdMR8qoUs7owiVcpaPwsQxUDC2lypP6mmixaGlARZa7ZIBx1jcuObLdhMOvCsnZcvetOho0wzPa9PYg==",
          "requires": {
            "react-style-singleton": "^2.1.0",
            "tslib": "^1.0.0"
          },
          "dependencies": {
            "tslib": {
              "version": "1.14.1",
              "resolved": "https://registry.npmjs.org/tslib/-/tslib-1.14.1.tgz",
              "integrity": "sha512-Xni35NKzjgMrwevysHTCArtLDpPvye8zV/0E4EyYn43P7/7qvQwPh9BGkHewbMulVntbigmcT7rdX3BNo9wRJg=="
            }
          }
        },
        "react-style-singleton": {
          "version": "2.1.1",
          "resolved": "https://registry.npmjs.org/react-style-singleton/-/react-style-singleton-2.1.1.tgz",
          "integrity": "sha512-jNRp07Jza6CBqdRKNgGhT3u9umWvils1xsuMOjZlghBDH2MU0PL2WZor4PGYjXpnRCa9DQSlHMs/xnABWOwYbA==",
          "requires": {
            "get-nonce": "^1.0.0",
            "invariant": "^2.2.4",
            "tslib": "^1.0.0"
          },
          "dependencies": {
            "tslib": {
              "version": "1.14.1",
              "resolved": "https://registry.npmjs.org/tslib/-/tslib-1.14.1.tgz",
              "integrity": "sha512-Xni35NKzjgMrwevysHTCArtLDpPvye8zV/0E4EyYn43P7/7qvQwPh9BGkHewbMulVntbigmcT7rdX3BNo9wRJg=="
            }
          }
        },
        "regenerator-runtime": {
          "version": "0.13.7",
          "resolved": "https://registry.npmjs.org/regenerator-runtime/-/regenerator-runtime-0.13.7.tgz",
          "integrity": "sha512-a54FxoJDIr27pgf7IgeQGxmqUNYrcV338lf/6gH456HZ/PhX+5BcwHXG9ajESmwe6WRO0tAzRUrRmNONWgkrew=="
        },
        "tslib": {
          "version": "2.1.0",
          "resolved": "https://registry.npmjs.org/tslib/-/tslib-2.1.0.tgz",
          "integrity": "sha512-hcVC3wYEziELGGmEEXue7D75zbwIIVUMWAVbHItGPx0ziyXxrOMQx4rQEVEV45Ut/1IotuEvwqPopzIOkDMf0A=="
        },
        "use-callback-ref": {
          "version": "1.2.5",
          "resolved": "https://registry.npmjs.org/use-callback-ref/-/use-callback-ref-1.2.5.tgz",
          "integrity": "sha512-gN3vgMISAgacF7sqsLPByqoePooY3n2emTH59Ur5d/M8eg4WTWu1xp8i8DHjohftIyEx0S08RiYxbffr4j8Peg=="
        },
        "use-sidecar": {
          "version": "1.0.4",
          "resolved": "https://registry.npmjs.org/use-sidecar/-/use-sidecar-1.0.4.tgz",
          "integrity": "sha512-A5ggIS3/qTdxCAlcy05anO2/oqXOfpmxnpRE1Jm+fHHtCvUvNSZDGqgOSAXPriBVAcw2fMFFkh5v5KqrFFhCMA==",
          "requires": {
            "detect-node-es": "^1.0.0",
            "tslib": "^1.9.3"
          },
          "dependencies": {
            "tslib": {
              "version": "1.14.1",
              "resolved": "https://registry.npmjs.org/tslib/-/tslib-1.14.1.tgz",
              "integrity": "sha512-Xni35NKzjgMrwevysHTCArtLDpPvye8zV/0E4EyYn43P7/7qvQwPh9BGkHewbMulVntbigmcT7rdX3BNo9wRJg=="
            }
          }
        }
      }
    },
    "@reach/portal": {
      "version": "0.13.2",
      "resolved": "https://registry.npmjs.org/@reach/portal/-/portal-0.13.2.tgz",
      "integrity": "sha512-g74BnCdtuTGthzzHn2cWW+bcyIYb0iIE/yRsm89i8oNzNgpopbkh9UY8TPbhNlys52h7U60s4kpRTmcq+JqsTA==",
      "requires": {
        "@reach/utils": "0.13.2",
        "tslib": "^2.1.0"
      },
      "dependencies": {
        "tslib": {
          "version": "2.1.0",
          "resolved": "https://registry.npmjs.org/tslib/-/tslib-2.1.0.tgz",
          "integrity": "sha512-hcVC3wYEziELGGmEEXue7D75zbwIIVUMWAVbHItGPx0ziyXxrOMQx4rQEVEV45Ut/1IotuEvwqPopzIOkDMf0A=="
        }
      }
    },
    "@reach/utils": {
      "version": "0.13.2",
      "resolved": "https://registry.npmjs.org/@reach/utils/-/utils-0.13.2.tgz",
      "integrity": "sha512-3ir6cN60zvUrwjOJu7C6jec/samqAeyAB12ZADK+qjnmQPdzSYldrFWwDVV5H0WkhbYXR3uh+eImu13hCetNPQ==",
      "requires": {
        "@types/warning": "^3.0.0",
        "tslib": "^2.1.0",
        "warning": "^4.0.3"
      },
      "dependencies": {
        "tslib": {
          "version": "2.1.0",
          "resolved": "https://registry.npmjs.org/tslib/-/tslib-2.1.0.tgz",
          "integrity": "sha512-hcVC3wYEziELGGmEEXue7D75zbwIIVUMWAVbHItGPx0ziyXxrOMQx4rQEVEV45Ut/1IotuEvwqPopzIOkDMf0A=="
        }
      }
    },
    "@types/warning": {
      "version": "3.0.0",
      "resolved": "https://registry.npmjs.org/@types/warning/-/warning-3.0.0.tgz",
      "integrity": "sha1-DSUBJorY+ZYrdA04fEZU9fjiPlI="
    },
    "js-tokens": {
      "version": "4.0.0",
      "resolved": "https://registry.npmjs.org/js-tokens/-/js-tokens-4.0.0.tgz",
      "integrity": "sha512-RdJUflcE3cUzKiMqQgsCu06FPu9UdIJO0beYbPhHN4k6apgJtifcoCtT9bcxOpYBtpD2kCM6Sbzg4CausW/PKQ=="
    },
    "loose-envify": {
      "version": "1.4.0",
      "resolved": "https://registry.npmjs.org/loose-envify/-/loose-envify-1.4.0.tgz",
      "integrity": "sha512-lyuxPGr/Wfhrlem2CL/UcnUc1zcqKAImBDzukY7Y5F/yQiNdko6+fRLevlw1HgMySw7f611UIY408EtxRSoK3Q==",
      "requires": {
        "js-tokens": "^3.0.0 || ^4.0.0"
      }
    },
    "object-assign": {
      "version": "4.1.1",
      "resolved": "https://registry.npmjs.org/object-assign/-/object-assign-4.1.1.tgz",
      "integrity": "sha1-IQmtx5ZYh8/AXLvUQsrIv7s2CGM="
    },
    "prop-types": {
      "version": "15.7.2",
      "resolved": "https://registry.npmjs.org/prop-types/-/prop-types-15.7.2.tgz",
      "integrity": "sha512-8QQikdH7//R2vurIJSutZ1smHYTcLpRWEOlHnzcWHmBYrOGUysKwSsrC89BCiFj3CbrfJ/nXFdJepOVrY1GCHQ==",
      "requires": {
        "loose-envify": "^1.4.0",
        "object-assign": "^4.1.1",
        "react-is": "^16.8.1"
      }
    },
    "react-countdown": {
      "version": "2.3.1",
      "resolved": "https://registry.npmjs.org/react-countdown/-/react-countdown-2.3.1.tgz",
      "integrity": "sha512-h66prF+Wwj3Ru4tDeqvXsW8iqaCyC54pjwTAlUUmUQ11EUqIO34xV4pO4q8MGT6917ep47ntKmBW99ZVN1ozdQ==",
      "requires": {
        "prop-types": "^15.7.2"
      }
    },
    "react-is": {
      "version": "16.13.1",
      "resolved": "https://registry.npmjs.org/react-is/-/react-is-16.13.1.tgz",
      "integrity": "sha512-24e6ynE2H+OKt4kqsOvNd8kBpV65zoxbA4BVsEOB3ARVWQki/DHzaUoC5KuON/BiccDaCCTZBuOcfZs70kR8bQ=="
    },
    "warning": {
      "version": "4.0.3",
      "resolved": "https://registry.npmjs.org/warning/-/warning-4.0.3.tgz",
      "integrity": "sha512-rpJyN222KWIvHJ/F53XSZv0Zl/accqHR8et1kpaMTD/fLCRxtV8iX8czMzY7sVZupTI3zcUTg8eycS2kNF9l6w==",
      "requires": {
        "loose-envify": "^1.0.0"
      }
    }
  }
}
